{
  "name": "inject-styles",
  "version": "1.0.0",
  "lockfileVersion": 2,
  "requires": true,
  "extraneous": true,
  "packages": {
    "": {
      "name": "inject-styles",
      "version": "1.0.0",
      "license": "ISC",
      "dependencies": {
        "@openlab/alembic": "file:../.."
      }
    },
    "../..": {
      "version": "0.1.2",
      "devDependencies": {
        "@11ty/eleventy": "^1.0.1",
        "@11ty/eleventy-plugin-syntaxhighlight": "^4.0.0",
        "@parcel/css-cli": "^1.5.0",
        "esbuild": "^0.14.24"
      }
    },
    "node_modules/@openlab/alembic": {
      "resolved": "../..",
      "link": true
    }
  },
  "dependencies": {
    "@openlab/alembic": {
      "version": "file:../..",
      "requires": {
        "@11ty/eleventy": "^1.0.1",
        "@11ty/eleventy-plugin-syntaxhighlight": "^4.0.0",
        "@parcel/css-cli": "^1.5.0",
        "esbuild": "^0.14.24"
      }
    }
  }
}
